
Microsoft Visual Studio Solution File, Format Version 12.00
# Visual Studio Version 17
VisualStudioVersion = 17.5.33414.496
MinimumVisualStudioVersion = 10.0.40219.1
Project("{FAE04EC0-301F-11D3-BF4B-00C04F79EFBC}") = "ejercicio clase 5", "ejercicio clase 5\ejercicio clase 5.csproj", "{FDF09806-5D24-4DDD-8D00-3DE989001A52}"
EndProject
Global
	GlobalSection(SolutionConfigurationPlatforms) = preSolution
		Debug|Any CPU = Debug|Any CPU
		Release|Any CPU = Release|Any CPU
	EndGlobalSection
	GlobalSection(ProjectConfigurationPlatforms) = postSolution
		{FDF09806-5D24-4DDD-8D00-3DE989001A52}.Debug|Any CPU.ActiveCfg = Debug|Any CPU
		{FDF09806-5D24-4DDD-8D00-3DE989001A52}.Debug|Any CPU.Build.0 = Debug|Any CPU
		{FDF09806-5D24-4DDD-8D00-3DE989001A52}.Release|Any CPU.ActiveCfg = Release|Any CPU
		{FDF09806-5D24-4DDD-8D00-3DE989001A52}.Release|Any CPU.Build.0 = Release|Any CPU
	EndGlobalSection
	GlobalSection(SolutionProperties) = preSolution
		HideSolutionNode = FALSE
	EndGlobalSection
	GlobalSection(ExtensibilityGlobals) = postSolution
		SolutionGuid = {FAC74703-8226-4E3D-A8CD-2336E87FD30E}
	EndGlobalSection
EndGlobal
